
Microsoft Visual Studio Solution File, Format Version 12.00
Project("{FAE04EC0-301F-11D3-BF4B-00C04F79EFBC}") = "Lys", "Lys\Lys.csproj", "{98959C90-1144-41AE-B953-EB4A43A33615}"
EndProject
Global
	GlobalSection(SolutionConfigurationPlatforms) = preSolution
		Debug|Any CPU = Debug|Any CPU
		Release|Any CPU = Release|Any CPU
	EndGlobalSection
	GlobalSection(ProjectConfigurationPlatforms) = postSolution
		{98959C90-1144-41AE-B953-EB4A43A33615}.Debug|Any CPU.ActiveCfg = Debug|Any CPU
		{98959C90-1144-41AE-B953-EB4A43A33615}.Debug|Any CPU.Build.0 = Debug|Any CPU
		{98959C90-1144-41AE-B953-EB4A43A33615}.Release|Any CPU.ActiveCfg = Release|Any CPU
		{98959C90-1144-41AE-B953-EB4A43A33615}.Release|Any CPU.Build.0 = Release|Any CPU
	EndGlobalSection
EndGlobal
